
Microsoft Visual Studio Solution File, Format Version 12.00
# Visual Studio 15
VisualStudioVersion = 15.0.28307.136
MinimumVisualStudioVersion = 10.0.40219.1
Project("{9A19103F-16F7-4668-BE54-9A1E7A4F7556}") = "Gold.IO.Exchange.API", "Gold.IO.Exchange.API\Gold.IO.Exchange.API.csproj", "{270C3FBC-D884-4ED6-9D1D-4FAB7EF4FFFB}"
EndProject
Project("{9A19103F-16F7-4668-BE54-9A1E7A4F7556}") = "Gold.IO.Exchange.API.Storage", "Gold.IO.Exchange.API.Storage\Gold.IO.Exchange.API.Storage.csproj", "{7D8C1EE2-37CC-4723-A8F0-61F434A3A466}"
EndProject
Project("{9A19103F-16F7-4668-BE54-9A1E7A4F7556}") = "Gold.IO.Exchange.API.BusinessLogic", "Gold.IO.Exchange.API.Services\Gold.IO.Exchange.API.BusinessLogic.csproj", "{3D4E43F4-93B7-4F1C-80BC-F1B3D5852AFE}"
EndProject
Project("{9A19103F-16F7-4668-BE54-9A1E7A4F7556}") = "Gold.IO.Exchange.API.Domain", "Gold.IO.Exchange.API.Domain\Gold.IO.Exchange.API.Domain.csproj", "{3D8981E2-E41F-4A7E-978D-DAD379EA2AAE}"
EndProject
Project("{9A19103F-16F7-4668-BE54-9A1E7A4F7556}") = "Gold.IO.Exchange.API.Utils", "Gold.IO.Exchange.API.Utils\Gold.IO.Exchange.API.Utils.csproj", "{1F414E2A-E0A4-40B4-8BB5-C2A8EB45DC75}"
EndProject
Project("{9A19103F-16F7-4668-BE54-9A1E7A4F7556}") = "Info.Blockchain.API", "Info.Blockchain.API\Info.Blockchain.API.csproj", "{7B256CC2-9FF8-4FC0-AD05-732249B49F5D}"
EndProject
Project("{FAE04EC0-301F-11D3-BF4B-00C04F79EFBC}") = "Gold.IO.Exchange.API.Migrations", "Gold.IO.Exchange.API.Migrations\Gold.IO.Exchange.API.Migrations.csproj", "{CA54B0E0-004A-48F4-BD96-4F33623751F7}"
EndProject
Global
	GlobalSection(SolutionConfigurationPlatforms) = preSolution
		Debug|Any CPU = Debug|Any CPU
		Release|Any CPU = Release|Any CPU
	EndGlobalSection
	GlobalSection(ProjectConfigurationPlatforms) = postSolution
		{270C3FBC-D884-4ED6-9D1D-4FAB7EF4FFFB}.Debug|Any CPU.ActiveCfg = Debug|Any CPU
		{270C3FBC-D884-4ED6-9D1D-4FAB7EF4FFFB}.Debug|Any CPU.Build.0 = Debug|Any CPU
		{270C3FBC-D884-4ED6-9D1D-4FAB7EF4FFFB}.Release|Any CPU.ActiveCfg = Release|Any CPU
		{270C3FBC-D884-4ED6-9D1D-4FAB7EF4FFFB}.Release|Any CPU.Build.0 = Release|Any CPU
		{7D8C1EE2-37CC-4723-A8F0-61F434A3A466}.Debug|Any CPU.ActiveCfg = Debug|Any CPU
		{7D8C1EE2-37CC-4723-A8F0-61F434A3A466}.Debug|Any CPU.Build.0 = Debug|Any CPU
		{7D8C1EE2-37CC-4723-A8F0-61F434A3A466}.Release|Any CPU.ActiveCfg = Release|Any CPU
		{7D8C1EE2-37CC-4723-A8F0-61F434A3A466}.Release|Any CPU.Build.0 = Release|Any CPU
		{3D4E43F4-93B7-4F1C-80BC-F1B3D5852AFE}.Debug|Any CPU.ActiveCfg = Debug|Any CPU
		{3D4E43F4-93B7-4F1C-80BC-F1B3D5852AFE}.Debug|Any CPU.Build.0 = Debug|Any CPU
		{3D4E43F4-93B7-4F1C-80BC-F1B3D5852AFE}.Release|Any CPU.ActiveCfg = Release|Any CPU
		{3D4E43F4-93B7-4F1C-80BC-F1B3D5852AFE}.Release|Any CPU.Build.0 = Release|Any CPU
		{3D8981E2-E41F-4A7E-978D-DAD379EA2AAE}.Debug|Any CPU.ActiveCfg = Debug|Any CPU
		{3D8981E2-E41F-4A7E-978D-DAD379EA2AAE}.Debug|Any CPU.Build.0 = Debug|Any CPU
		{3D8981E2-E41F-4A7E-978D-DAD379EA2AAE}.Release|Any CPU.ActiveCfg = Release|Any CPU
		{3D8981E2-E41F-4A7E-978D-DAD379EA2AAE}.Release|Any CPU.Build.0 = Release|Any CPU
		{1F414E2A-E0A4-40B4-8BB5-C2A8EB45DC75}.Debug|Any CPU.ActiveCfg = Debug|Any CPU
		{1F414E2A-E0A4-40B4-8BB5-C2A8EB45DC75}.Debug|Any CPU.Build.0 = Debug|Any CPU
		{1F414E2A-E0A4-40B4-8BB5-C2A8EB45DC75}.Release|Any CPU.ActiveCfg = Release|Any CPU
		{1F414E2A-E0A4-40B4-8BB5-C2A8EB45DC75}.Release|Any CPU.Build.0 = Release|Any CPU
		{7B256CC2-9FF8-4FC0-AD05-732249B49F5D}.Debug|Any CPU.ActiveCfg = Debug|Any CPU
		{7B256CC2-9FF8-4FC0-AD05-732249B49F5D}.Debug|Any CPU.Build.0 = Debug|Any CPU
		{7B256CC2-9FF8-4FC0-AD05-732249B49F5D}.Release|Any CPU.ActiveCfg = Release|Any CPU
		{7B256CC2-9FF8-4FC0-AD05-732249B49F5D}.Release|Any CPU.Build.0 = Release|Any CPU
		{CA54B0E0-004A-48F4-BD96-4F33623751F7}.Debug|Any CPU.ActiveCfg = Debug|Any CPU
		{CA54B0E0-004A-48F4-BD96-4F33623751F7}.Debug|Any CPU.Build.0 = Debug|Any CPU
		{CA54B0E0-004A-48F4-BD96-4F33623751F7}.Release|Any CPU.ActiveCfg = Release|Any CPU
		{CA54B0E0-004A-48F4-BD96-4F33623751F7}.Release|Any CPU.Build.0 = Release|Any CPU
	EndGlobalSection
	GlobalSection(SolutionProperties) = preSolution
		HideSolutionNode = FALSE
	EndGlobalSection
	GlobalSection(ExtensibilityGlobals) = postSolution
		SolutionGuid = {309694BC-789D-4A7D-A433-D32B6CEA5C4D}
	EndGlobalSection
EndGlobal
